
Microsoft Visual Studio Solution File, Format Version 12.00
Project("{FAE04EC0-301F-11D3-BF4B-00C04F79EFBC}") = "OptionGaze", "OptionGaze\OptionGaze.csproj", "{6272C0DF-FD0B-41A9-B17D-22F4752A05DD}"
EndProject
Project("{FAE04EC0-301F-11D3-BF4B-00C04F79EFBC}") = "GazerTests", "GazerTests\GazerTests.csproj", "{E856936E-AA5B-4055-BC4E-08F0ED93AD70}"
EndProject
Project("{2150E333-8FDC-42A3-9474-1A3956D46DE8}") = "Dependencies", "Dependencies", "{CBB47E31-3C54-486D-8194-1CA8E5ADE6D5}"
ProjectSection(SolutionItems) = preProject
	Dependencies\QuestradeAPI.Net.dll = Dependencies\QuestradeAPI.Net.dll
	Dependencies\QuestradeAPI.Net.tlb = Dependencies\QuestradeAPI.Net.tlb
EndProjectSection
EndProject
Project("{FAE04EC0-301F-11D3-BF4B-00C04F79EFBC}") = "ScheduledSynchronizer", "ScheduledSynchronizer\ScheduledSynchronizer.csproj", "{A9305D6F-819C-4827-BF67-764EC944D6A2}"
EndProject
Project("{FAE04EC0-301F-11D3-BF4B-00C04F79EFBC}") = "Stockgaze.Core", "Stockgaze.Core\Stockgaze.Core.csproj", "{54384193-F7F3-410D-BCF0-4A969503E7F8}"
EndProject
Project("{FAE04EC0-301F-11D3-BF4B-00C04F79EFBC}") = "StockgazePipelines", "StockgazePipelines\StockgazePipelines.csproj", "{C1F698C7-3714-4175-AFCE-C5BD18020447}"
EndProject
Project("{FAE04EC0-301F-11D3-BF4B-00C04F79EFBC}") = "StockgazePipelinesTest", "StockgazePipelinesTest\StockgazePipelinesTest.csproj", "{D7F421EA-AE4C-419F-96FC-86F315890C3B}"
EndProject
Global
	GlobalSection(SolutionConfigurationPlatforms) = preSolution
		Debug|Any CPU = Debug|Any CPU
		Release|Any CPU = Release|Any CPU
	EndGlobalSection
	GlobalSection(ProjectConfigurationPlatforms) = postSolution
		{6272C0DF-FD0B-41A9-B17D-22F4752A05DD}.Debug|Any CPU.ActiveCfg = Debug|Any CPU
		{6272C0DF-FD0B-41A9-B17D-22F4752A05DD}.Debug|Any CPU.Build.0 = Debug|Any CPU
		{6272C0DF-FD0B-41A9-B17D-22F4752A05DD}.Release|Any CPU.ActiveCfg = Release|Any CPU
		{6272C0DF-FD0B-41A9-B17D-22F4752A05DD}.Release|Any CPU.Build.0 = Release|Any CPU
		{E856936E-AA5B-4055-BC4E-08F0ED93AD70}.Debug|Any CPU.ActiveCfg = Debug|Any CPU
		{E856936E-AA5B-4055-BC4E-08F0ED93AD70}.Debug|Any CPU.Build.0 = Debug|Any CPU
		{E856936E-AA5B-4055-BC4E-08F0ED93AD70}.Release|Any CPU.ActiveCfg = Release|Any CPU
		{E856936E-AA5B-4055-BC4E-08F0ED93AD70}.Release|Any CPU.Build.0 = Release|Any CPU
		{A9305D6F-819C-4827-BF67-764EC944D6A2}.Debug|Any CPU.ActiveCfg = Debug|Any CPU
		{A9305D6F-819C-4827-BF67-764EC944D6A2}.Debug|Any CPU.Build.0 = Debug|Any CPU
		{A9305D6F-819C-4827-BF67-764EC944D6A2}.Release|Any CPU.ActiveCfg = Release|Any CPU
		{A9305D6F-819C-4827-BF67-764EC944D6A2}.Release|Any CPU.Build.0 = Release|Any CPU
		{54384193-F7F3-410D-BCF0-4A969503E7F8}.Debug|Any CPU.ActiveCfg = Debug|Any CPU
		{54384193-F7F3-410D-BCF0-4A969503E7F8}.Debug|Any CPU.Build.0 = Debug|Any CPU
		{54384193-F7F3-410D-BCF0-4A969503E7F8}.Release|Any CPU.ActiveCfg = Release|Any CPU
		{54384193-F7F3-410D-BCF0-4A969503E7F8}.Release|Any CPU.Build.0 = Release|Any CPU
		{C1F698C7-3714-4175-AFCE-C5BD18020447}.Debug|Any CPU.ActiveCfg = Debug|Any CPU
		{C1F698C7-3714-4175-AFCE-C5BD18020447}.Debug|Any CPU.Build.0 = Debug|Any CPU
		{C1F698C7-3714-4175-AFCE-C5BD18020447}.Release|Any CPU.ActiveCfg = Release|Any CPU
		{C1F698C7-3714-4175-AFCE-C5BD18020447}.Release|Any CPU.Build.0 = Release|Any CPU
		{D7F421EA-AE4C-419F-96FC-86F315890C3B}.Debug|Any CPU.ActiveCfg = Debug|Any CPU
		{D7F421EA-AE4C-419F-96FC-86F315890C3B}.Debug|Any CPU.Build.0 = Debug|Any CPU
		{D7F421EA-AE4C-419F-96FC-86F315890C3B}.Release|Any CPU.ActiveCfg = Release|Any CPU
		{D7F421EA-AE4C-419F-96FC-86F315890C3B}.Release|Any CPU.Build.0 = Release|Any CPU
	EndGlobalSection
EndGlobal
